// !$*UTF8*$!
{
	archiveVersion = 1;
	classes = {
	};
	objectVersion = 56;
	objects = {

/* Begin PBXBuildFile section */
		6944C75C2C41BBB100710D9A /* Colors.swift in Sources */ = {isa = PBXBuildFile; fileRef = 6944C75B2C41BBB100710D9A /* Colors.swift */; };
		6944C7602C41BE6500710D9A /* DetailView.swift in Sources */ = {isa = PBXBuildFile; fileRef = 6944C75F2C41BE6500710D9A /* DetailView.swift */; };
		6944C7622C41BE7A00710D9A /* Dash.swift in Sources */ = {isa = PBXBuildFile; fileRef = 6944C7612C41BE7A00710D9A /* Dash.swift */; };
		69F17DA42C41B9D7001D8D0B /* openfinanceApp.swift in Sources */ = {isa = PBXBuildFile; fileRef = 69F17DA32C41B9D7001D8D0B /* openfinanceApp.swift */; };
		69F17DA62C41B9D7001D8D0B /* ContentView.swift in Sources */ = {isa = PBXBuildFile; fileRef = 69F17DA52C41B9D7001D8D0B /* ContentView.swift */; };
		69F17DA82C41B9D8001D8D0B /* Assets.xcassets in Resources */ = {isa = PBXBuildFile; fileRef = 69F17DA72C41B9D8001D8D0B /* Assets.xcassets */; };
		69F17DAC2C41B9D8001D8D0B /* Preview Assets.xcassets in Resources */ = {isa = PBXBuildFile; fileRef = 69F17DAB2C41B9D8001D8D0B /* Preview Assets.xcassets */; };
		69F17DB62C41B9D8001D8D0B /* openfinanceTests.swift in Sources */ = {isa = PBXBuildFile; fileRef = 69F17DB52C41B9D8001D8D0B /* openfinanceTests.swift */; };
		69F17DC02C41B9D8001D8D0B /* openfinanceUITests.swift in Sources */ = {isa = PBXBuildFile; fileRef = 69F17DBF2C41B9D8001D8D0B /* openfinanceUITests.swift */; };
		69F17DC22C41B9D8001D8D0B /* openfinanceUITestsLaunchTests.swift in Sources */ = {isa = PBXBuildFile; fileRef = 69F17DC12C41B9D8001D8D0B /* openfinanceUITestsLaunchTests.swift */; };
/* End PBXBuildFile section */

/* Begin PBXContainerItemProxy section */
		69F17DB22C41B9D8001D8D0B /* PBXContainerItemProxy */ = {
			isa = PBXContainerItemProxy;
			containerPortal = 69F17D982C41B9D7001D8D0B /* Project object */;
			proxyType = 1;
			remoteGlobalIDString = 69F17D9F2C41B9D7001D8D0B;
			remoteInfo = openfinance;
		};
		69F17DBC2C41B9D8001D8D0B /* PBXContainerItemProxy */ = {
			isa = PBXContainerItemProxy;
			containerPortal = 69F17D982C41B9D7001D8D0B /* Project object */;
			proxyType = 1;
			remoteGlobalIDString = 69F17D9F2C41B9D7001D8D0B;
			remoteInfo = openfinance;
		};
/* End PBXContainerItemProxy section */

/* Begin PBXFileReference section */
		6944C75B2C41BBB100710D9A /* Colors.swift */ = {isa = PBXFileReference; lastKnownFileType = sourcecode.swift; path = Colors.swift; sourceTree = "<group>"; };
		6944C75F2C41BE6500710D9A /* DetailView.swift */ = {isa = PBXFileReference; lastKnownFileType = sourcecode.swift; path = DetailView.swift; sourceTree = "<group>"; };
		6944C7612C41BE7A00710D9A /* Dash.swift */ = {isa = PBXFileReference; lastKnownFileType = sourcecode.swift; path = Dash.swift; sourceTree = "<group>"; };
		69F17DA02C41B9D7001D8D0B /* openfinance.app */ = {isa = PBXFileReference; explicitFileType = wrapper.application; includeInIndex = 0; path = openfinance.app; sourceTree = BUILT_PRODUCTS_DIR; };
		69F17DA32C41B9D7001D8D0B /* openfinanceApp.swift */ = {isa = PBXFileReference; lastKnownFileType = sourcecode.swift; path = openfinanceApp.swift; sourceTree = "<group>"; };
		69F17DA52C41B9D7001D8D0B /* ContentView.swift */ = {isa = PBXFileReference; lastKnownFileType = sourcecode.swift; path = ContentView.swift; sourceTree = "<group>"; };
		69F17DA72C41B9D8001D8D0B /* Assets.xcassets */ = {isa = PBXFileReference; lastKnownFileType = folder.assetcatalog; path = Assets.xcassets; sourceTree = "<group>"; };
		69F17DA92C41B9D8001D8D0B /* openfinance.entitlements */ = {isa = PBXFileReference; lastKnownFileType = text.plist.entitlements; path = openfinance.entitlements; sourceTree = "<group>"; };
		69F17DAB2C41B9D8001D8D0B /* Preview Assets.xcassets */ = {isa = PBXFileReference; lastKnownFileType = folder.assetcatalog; path = "Preview Assets.xcassets"; sourceTree = "<group>"; };
		69F17DB12C41B9D8001D8D0B /* openfinanceTests.xctest */ = {isa = PBXFileReference; explicitFileType = wrapper.cfbundle; includeInIndex = 0; path = openfinanceTests.xctest; sourceTree = BUILT_PRODUCTS_DIR; };
		69F17DB52C41B9D8001D8D0B /* openfinanceTests.swift */ = {isa = PBXFileReference; lastKnownFileType = sourcecode.swift; path = openfinanceTests.swift; sourceTree = "<group>"; };
		69F17DBB2C41B9D8001D8D0B /* openfinanceUITests.xctest */ = {isa = PBXFileReference; explicitFileType = wrapper.cfbundle; includeInIndex = 0; path = openfinanceUITests.xctest; sourceTree = BUILT_PRODUCTS_DIR; };
		69F17DBF2C41B9D8001D8D0B /* openfinanceUITests.swift */ = {isa = PBXFileReference; lastKnownFileType = sourcecode.swift; path = openfinanceUITests.swift; sourceTree = "<group>"; };
		69F17DC12C41B9D8001D8D0B /* openfinanceUITestsLaunchTests.swift */ = {isa = PBXFileReference; lastKnownFileType = sourcecode.swift; path = openfinanceUITestsLaunchTests.swift; sourceTree = "<group>"; };
/* End PBXFileReference section */

/* Begin PBXFrameworksBuildPhase section */
		69F17D9D2C41B9D7001D8D0B /* Frameworks */ = {
			isa = PBXFrameworksBuildPhase;
			buildActionMask = 2147483647;
			files = (
			);
			runOnlyForDeploymentPostprocessing = 0;
		};
		69F17DAE2C41B9D8001D8D0B /* Frameworks */ = {
			isa = PBXFrameworksBuildPhase;
			buildActionMask = 2147483647;
			files = (
			);
			runOnlyForDeploymentPostprocessing = 0;
		};
		69F17DB82C41B9D8001D8D0B /* Frameworks */ = {
			isa = PBXFrameworksBuildPhase;
			buildActionMask = 2147483647;
			files = (
			);
			runOnlyForDeploymentPostprocessing = 0;
		};
/* End PBXFrameworksBuildPhase section */

/* Begin PBXGroup section */
		69F17D972C41B9D7001D8D0B = {
			isa = PBXGroup;
			children = (
				69F17DA22C41B9D7001D8D0B /* openfinance */,
				69F17DB42C41B9D8001D8D0B /* openfinanceTests */,
				69F17DBE2C41B9D8001D8D0B /* openfinanceUITests */,
				69F17DA12C41B9D7001D8D0B /* Products */,
			);
			sourceTree = "<group>";
		};
		69F17DA12C41B9D7001D8D0B /* Products */ = {
			isa = PBXGroup;
			children = (
				69F17DA02C41B9D7001D8D0B /* openfinance.app */,
				69F17DB12C41B9D8001D8D0B /* openfinanceTests.xctest */,
				69F17DBB2C41B9D8001D8D0B /* openfinanceUITests.xctest */,
			);
			name = Products;
			sourceTree = "<group>";
		};
		69F17DA22C41B9D7001D8D0B /* openfinance */ = {
			isa = PBXGroup;
			children = (
				6944C75B2C41BBB100710D9A /* Colors.swift */,
				69F17DA32C41B9D7001D8D0B /* openfinanceApp.swift */,
				69F17DA52C41B9D7001D8D0B /* ContentView.swift */,
				6944C7612C41BE7A00710D9A /* Dash.swift */,
				6944C75F2C41BE6500710D9A /* DetailView.swift */,
				69F17DA72C41B9D8001D8D0B /* Assets.xcassets */,
				69F17DA92C41B9D8001D8D0B /* openfinance.entitlements */,
				69F17DAA2C41B9D8001D8D0B /* Preview Content */,
			);
			path = openfinance;
			sourceTree = "<group>";
		};
		69F17DAA2C41B9D8001D8D0B /* Preview Content */ = {
			isa = PBXGroup;
			children = (
				69F17DAB2C41B9D8001D8D0B /* Preview Assets.xcassets */,
			);
			path = "Preview Content";
			sourceTree = "<group>";
		};
		69F17DB42C41B9D8001D8D0B /* openfinanceTests */ = {
			isa = PBXGroup;
			children = (
				69F17DB52C41B9D8001D8D0B /* openfinanceTests.swift */,
			);
			path = openfinanceTests;
			sourceTree = "<group>";
		};
		69F17DBE2C41B9D8001D8D0B /* openfinanceUITests */ = {
			isa = PBXGroup;
			children = (
				69F17DBF2C41B9D8001D8D0B /* openfinanceUITests.swift */,
				69F17DC12C41B9D8001D8D0B /* openfinanceUITestsLaunchTests.swift */,
			);
			path = openfinanceUITests;
			sourceTree = "<group>";
		};
/* End PBXGroup section */

/* Begin PBXNativeTarget section */
		69F17D9F2C41B9D7001D8D0B /* openfinance */ = {
			isa = PBXNativeTarget;
			buildConfigurationList = 69F17DC52C41B9D8001D8D0B /* Build configuration list for PBXNativeTarget "openfinance" */;
			buildPhases = (
				69F17D9C2C41B9D7001D8D0B /* Sources */,
				69F17D9D2C41B9D7001D8D0B /* Frameworks */,
				69F17D9E2C41B9D7001D8D0B /* Resources */,
			);
			buildRules = (
			);
			dependencies = (
			);
			name = openfinance;
			productName = openfinance;
			productReference = 69F17DA02C41B9D7001D8D0B /* openfinance.app */;
			productType = "com.apple.product-type.application";
		};
		69F17DB02C41B9D8001D8D0B /* openfinanceTests */ = {
			isa = PBXNativeTarget;
			buildConfigurationList = 69F17DC82C41B9D8001D8D0B /* Build configuration list for PBXNativeTarget "openfinanceTests" */;
			buildPhases = (
				69F17DAD2C41B9D8001D8D0B /* Sources */,
				69F17DAE2C41B9D8001D8D0B /* Frameworks */,
				69F17DAF2C41B9D8001D8D0B /* Resources */,
			);
			buildRules = (
			);
			dependencies = (
				69F17DB32C41B9D8001D8D0B /* PBXTargetDependency */,
			);
			name = openfinanceTests;
			productName = openfinanceTests;
			productReference = 69F17DB12C41B9D8001D8D0B /* openfinanceTests.xctest */;
			productType = "com.apple.product-type.bundle.unit-test";
		};
		69F17DBA2C41B9D8001D8D0B /* openfinanceUITests */ = {
			isa = PBXNativeTarget;
			buildConfigurationList = 69F17DCB2C41B9D8001D8D0B /* Build configuration list for PBXNativeTarget "openfinanceUITests" */;
			buildPhases = (
				69F17DB72C41B9D8001D8D0B /* Sources */,
				69F17DB82C41B9D8001D8D0B /* Frameworks */,
				69F17DB92C41B9D8001D8D0B /* Resources */,
			);
			buildRules = (
			);
			dependencies = (
				69F17DBD2C41B9D8001D8D0B /* PBXTargetDependency */,
			);
			name = openfinanceUITests;
			productName = openfinanceUITests;
			productReference = 69F17DBB2C41B9D8001D8D0B /* openfinanceUITests.xctest */;
			productType = "com.apple.product-type.bundle.ui-testing";
		};
/* End PBXNativeTarget section */

/* Begin PBXProject section */
		69F17D982C41B9D7001D8D0B /* Project object */ = {
			isa = PBXProject;
			attributes = {
				BuildIndependentTargetsInParallel = 1;
				LastSwiftUpdateCheck = 1540;
				LastUpgradeCheck = 1540;
				TargetAttributes = {
					69F17D9F2C41B9D7001D8D0B = {
						CreatedOnToolsVersion = 15.4;
					};
					69F17DB02C41B9D8001D8D0B = {
						CreatedOnToolsVersion = 15.4;
						TestTargetID = 69F17D9F2C41B9D7001D8D0B;
					};
					69F17DBA2C41B9D8001D8D0B = {
						CreatedOnToolsVersion = 15.4;
						TestTargetID = 69F17D9F2C41B9D7001D8D0B;
					};
				};
			};
			buildConfigurationList = 69F17D9B2C41B9D7001D8D0B /* Build configuration list for PBXProject "openfinance" */;
			compatibilityVersion = "Xcode 14.0";
			developmentRegion = en;
			hasScannedForEncodings = 0;
			knownRegions = (
				en,
				Base,
			);
			mainGroup = 69F17D972C41B9D7001D8D0B;
			productRefGroup = 69F17DA12C41B9D7001D8D0B /* Products */;
			projectDirPath = "";
			projectRoot = "";
			targets = (
				69F17D9F2C41B9D7001D8D0B /* openfinance */,
				69F17DB02C41B9D8001D8D0B /* openfinanceTests */,
				69F17DBA2C41B9D8001D8D0B /* openfinanceUITests */,
			);
		};
/* End PBXProject section */

/* Begin PBXResourcesBuildPhase section */
		69F17D9E2C41B9D7001D8D0B /* Resources */ = {
			isa = PBXResourcesBuildPhase;
			buildActionMask = 2147483647;
			files = (
				69F17DAC2C41B9D8001D8D0B /* Preview Assets.xcassets in Resources */,
				69F17DA82C41B9D8001D8D0B /* Assets.xcassets in Resources */,
			);
			runOnlyForDeploymentPostprocessing = 0;
		};
		69F17DAF2C41B9D8001D8D0B /* Resources */ = {
			isa = PBXResourcesBuildPhase;
			buildActionMask = 2147483647;
			files = (
			);
			runOnlyForDeploymentPostprocessing = 0;
		};
		69F17DB92C41B9D8001D8D0B /* Resources */ = {
			isa = PBXResourcesBuildPhase;
			buildActionMask = 2147483647;
			files = (
			);
			runOnlyForDeploymentPostprocessing = 0;
		};
/* End PBXResourcesBuildPhase section */

/* Begin PBXSourcesBuildPhase section */
		69F17D9C2C41B9D7001D8D0B /* Sources */ = {
			isa = PBXSourcesBuildPhase;
			buildActionMask = 2147483647;
			files = (
				69F17DA62C41B9D7001D8D0B /* ContentView.swift in Sources */,
				6944C7622C41BE7A00710D9A /* Dash.swift in Sources */,
				6944C75C2C41BBB100710D9A /* Colors.swift in Sources */,
				6944C7602C41BE6500710D9A /* DetailView.swift in Sources */,
				69F17DA42C41B9D7001D8D0B /* openfinanceApp.swift in Sources */,
			);
			runOnlyForDeploymentPostprocessing = 0;
		};
		69F17DAD2C41B9D8001D8D0B /* Sources */ = {
			isa = PBXSourcesBuildPhase;
			buildActionMask = 2147483647;
			files = (
				69F17DB62C41B9D8001D8D0B /* openfinanceTests.swift in Sources */,
			);
			runOnlyForDeploymentPostprocessing = 0;
		};
		69F17DB72C41B9D8001D8D0B /* Sources */ = {
			isa = PBXSourcesBuildPhase;
			buildActionMask = 2147483647;
			files = (
				69F17DC02C41B9D8001D8D0B /* openfinanceUITests.swift in Sources */,
				69F17DC22C41B9D8001D8D0B /* openfinanceUITestsLaunchTests.swift in Sources */,
			);
			runOnlyForDeploymentPostprocessing = 0;
		};
/* End PBXSourcesBuildPhase section */

/* Begin PBXTargetDependency section */
		69F17DB32C41B9D8001D8D0B /* PBXTargetDependency */ = {
			isa = PBXTargetDependency;
			target = 69F17D9F2C41B9D7001D8D0B /* openfinance */;
			targetProxy = 69F17DB22C41B9D8001D8D0B /* PBXContainerItemProxy */;
		};
		69F17DBD2C41B9D8001D8D0B /* PBXTargetDependency */ = {
			isa = PBXTargetDependency;
			target = 69F17D9F2C41B9D7001D8D0B /* openfinance */;
			targetProxy = 69F17DBC2C41B9D8001D8D0B /* PBXContainerItemProxy */;
		};
/* End PBXTargetDependency section */

/* Begin XCBuildConfiguration section */
		69F17DC32C41B9D8001D8D0B /* Debug */ = {
			isa = XCBuildConfiguration;
			buildSettings = {
				ALWAYS_SEARCH_USER_PATHS = NO;
				ASSETCATALOG_COMPILER_GENERATE_SWIFT_ASSET_SYMBOL_EXTENSIONS = YES;
				CLANG_ANALYZER_NONNULL = YES;
				CLANG_ANALYZER_NUMBER_OBJECT_CONVERSION = YES_AGGRESSIVE;
				CLANG_CXX_LANGUAGE_STANDARD = "gnu++20";
				CLANG_ENABLE_MODULES = YES;
				CLANG_ENABLE_OBJC_ARC = YES;
				CLANG_ENABLE_OBJC_WEAK = YES;
				CLANG_WARN_BLOCK_CAPTURE_AUTORELEASING = YES;
				CLANG_WARN_BOOL_CONVERSION = YES;
				CLANG_WARN_COMMA = YES;
				CLANG_WARN_CONSTANT_CONVERSION = YES;
				CLANG_WARN_DEPRECATED_OBJC_IMPLEMENTATIONS = YES;
				CLANG_WARN_DIRECT_OBJC_ISA_USAGE = YES_ERROR;
				CLANG_WARN_DOCUMENTATION_COMMENTS = YES;
				CLANG_WARN_EMPTY_BODY = YES;
				CLANG_WARN_ENUM_CONVERSION = YES;
				CLANG_WARN_INFINITE_RECURSION = YES;
				CLANG_WARN_INT_CONVERSION = YES;
				CLANG_WARN_NON_LITERAL_NULL_CONVERSION = YES;
				CLANG_WARN_OBJC_IMPLICIT_RETAIN_SELF = YES;
				CLANG_WARN_OBJC_LITERAL_CONVERSION = YES;
				CLANG_WARN_OBJC_ROOT_CLASS = YES_ERROR;
				CLANG_WARN_QUOTED_INCLUDE_IN_FRAMEWORK_HEADER = YES;
				CLANG_WARN_RANGE_LOOP_ANALYSIS = YES;
				CLANG_WARN_STRICT_PROTOTYPES = YES;
				CLANG_WARN_SUSPICIOUS_MOVE = YES;
				CLANG_WARN_UNGUARDED_AVAILABILITY = YES_AGGRESSIVE;
				CLANG_WARN_UNREACHABLE_CODE = YES;
				CLANG_WARN__DUPLICATE_METHOD_MATCH = YES;
				COPY_PHASE_STRIP = NO;
				DEBUG_INFORMATION_FORMAT = dwarf;
				ENABLE_STRICT_OBJC_MSGSEND = YES;
				ENABLE_TESTABILITY = YES;
				ENABLE_USER_SCRIPT_SANDBOXING = YES;
				GCC_C_LANGUAGE_STANDARD = gnu17;
				GCC_DYNAMIC_NO_PIC = NO;
				GCC_NO_COMMON_BLOCKS = YES;
				GCC_OPTIMIZATION_LEVEL = 0;
				GCC_PREPROCESSOR_DEFINITIONS = (
					"DEBUG=1",
					"$(inherited)",
				);
				GCC_WARN_64_TO_32_BIT_CONVERSION = YES;
				GCC_WARN_ABOUT_RETURN_TYPE = YES_ERROR;
				GCC_WARN_UNDECLARED_SELECTOR = YES;
				GCC_WARN_UNINITIALIZED_AUTOS = YES_AGGRESSIVE;
				GCC_WARN_UNUSED_FUNCTION = YES;
				GCC_WARN_UNUSED_VARIABLE = YES;
				LOCALIZATION_PREFERS_STRING_CATALOGS = YES;
				MTL_ENABLE_DEBUG_INFO = INCLUDE_SOURCE;
				MTL_FAST_MATH = YES;
				ONLY_ACTIVE_ARCH = YES;
				SWIFT_ACTIVE_COMPILATION_CONDITIONS = "DEBUG $(inherited)";
				SWIFT_OPTIMIZATION_LEVEL = "-Onone";
			};
			name = Debug;
		};
		69F17DC42C41B9D8001D8D0B /* Release */ = {
			isa = XCBuildConfiguration;
			buildSettings = {
				ALWAYS_SEARCH_USER_PATHS = NO;
				ASSETCATALOG_COMPILER_GENERATE_SWIFT_ASSET_SYMBOL_EXTENSIONS = YES;
				CLANG_ANALYZER_NONNULL = YES;
				CLANG_ANALYZER_NUMBER_OBJECT_CONVERSION = YES_AGGRESSIVE;
				CLANG_CXX_LANGUAGE_STANDARD = "gnu++20";
				CLANG_ENABLE_MODULES = YES;
				CLANG_ENABLE_OBJC_ARC = YES;
				CLANG_ENABLE_OBJC_WEAK = YES;
				CLANG_WARN_BLOCK_CAPTURE_AUTORELEASING = YES;
				CLANG_WARN_BOOL_CONVERSION = YES;
				CLANG_WARN_COMMA = YES;
				CLANG_WARN_CONSTANT_CONVERSION = YES;
				CLANG_WARN_DEPRECATED_OBJC_IMPLEMENTATIONS = YES;
				CLANG_WARN_DIRECT_OBJC_ISA_USAGE = YES_ERROR;
				CLANG_WARN_DOCUMENTATION_COMMENTS = YES;
				CLANG_WARN_EMPTY_BODY = YES;
				CLANG_WARN_ENUM_CONVERSION = YES;
				CLANG_WARN_INFINITE_RECURSION = YES;
				CLANG_WARN_INT_CONVERSION = YES;
				CLANG_WARN_NON_LITERAL_NULL_CONVERSION = YES;
				CLANG_WARN_OBJC_IMPLICIT_RETAIN_SELF = YES;
				CLANG_WARN_OBJC_LITERAL_CONVERSION = YES;
				CLANG_WARN_OBJC_ROOT_CLASS = YES_ERROR;
				CLANG_WARN_QUOTED_INCLUDE_IN_FRAMEWORK_HEADER = YES;
				CLANG_WARN_RANGE_LOOP_ANALYSIS = YES;
				CLANG_WARN_STRICT_PROTOTYPES = YES;
				CLANG_WARN_SUSPICIOUS_MOVE = YES;
				CLANG_WARN_UNGUARDED_AVAILABILITY = YES_AGGRESSIVE;
				CLANG_WARN_UNREACHABLE_CODE = YES;
				CLANG_WARN__DUPLICATE_METHOD_MATCH = YES;
				COPY_PHASE_STRIP = NO;
				DEBUG_INFORMATION_FORMAT = "dwarf-with-dsym";
				ENABLE_NS_ASSERTIONS = NO;
				ENABLE_STRICT_OBJC_MSGSEND = YES;
				ENABLE_USER_SCRIPT_SANDBOXING = YES;
				GCC_C_LANGUAGE_STANDARD = gnu17;
				GCC_NO_COMMON_BLOCKS = YES;
				GCC_WARN_64_TO_32_BIT_CONVERSION = YES;
				GCC_WARN_ABOUT_RETURN_TYPE = YES_ERROR;
				GCC_WARN_UNDECLARED_SELECTOR = YES;
				GCC_WARN_UNINITIALIZED_AUTOS = YES_AGGRESSIVE;
				GCC_WARN_UNUSED_FUNCTION = YES;
				GCC_WARN_UNUSED_VARIABLE = YES;
				LOCALIZATION_PREFERS_STRING_CATALOGS = YES;
				MTL_ENABLE_DEBUG_INFO = NO;
				MTL_FAST_MATH = YES;
				SWIFT_COMPILATION_MODE = wholemodule;
			};
			name = Release;
		};
		69F17DC62C41B9D8001D8D0B /* Debug */ = {
			isa = XCBuildConfiguration;
			buildSettings = {
				ASSETCATALOG_COMPILER_APPICON_NAME = AppIcon;
				ASSETCATALOG_COMPILER_GLOBAL_ACCENT_COLOR_NAME = AccentColor;
				CODE_SIGN_ENTITLEMENTS = openfinance/openfinance.entitlements;
				CODE_SIGN_STYLE = Automatic;
				CURRENT_PROJECT_VERSION = 1;
				DEVELOPMENT_ASSET_PATHS = "\"openfinance/Preview Content\"";
				DEVELOPMENT_TEAM = 84383757VH;
				ENABLE_HARDENED_RUNTIME = YES;
				ENABLE_PREVIEWS = YES;
				GENERATE_INFOPLIST_FILE = YES;
				"INFOPLIST_KEY_UIApplicationSceneManifest_Generation[sdk=iphoneos*]" = YES;
				"INFOPLIST_KEY_UIApplicationSceneManifest_Generation[sdk=iphonesimulator*]" = YES;
				"INFOPLIST_KEY_UIApplicationSupportsIndirectInputEvents[sdk=iphoneos*]" = YES;
				"INFOPLIST_KEY_UIApplicationSupportsIndirectInputEvents[sdk=iphonesimulator*]" = YES;
				"INFOPLIST_KEY_UILaunchScreen_Generation[sdk=iphoneos*]" = YES;
				"INFOPLIST_KEY_UILaunchScreen_Generation[sdk=iphonesimulator*]" = YES;
				"INFOPLIST_KEY_UIStatusBarStyle[sdk=iphoneos*]" = UIStatusBarStyleDefault;
				"INFOPLIST_KEY_UIStatusBarStyle[sdk=iphonesimulator*]" = UIStatusBarStyleDefault;
				INFOPLIST_KEY_UISupportedInterfaceOrientations_iPad = "UIInterfaceOrientationPortrait UIInterfaceOrientationPortraitUpsideDown UIInterfaceOrientationLandscapeLeft UIInterfaceOrientationLandscapeRight";
				INFOPLIST_KEY_UISupportedInterfaceOrientations_iPhone = "UIInterfaceOrientationPortrait UIInterfaceOrientationLandscapeLeft UIInterfaceOrientationLandscapeRight";
				IPHONEOS_DEPLOYMENT_TARGET = 17.5;
				LD_RUNPATH_SEARCH_PATHS = "@executable_path/Frameworks";
				"LD_RUNPATH_SEARCH_PATHS[sdk=macosx*]" = "@executable_path/../Frameworks";
				MACOSX_DEPLOYMENT_TARGET = 14.5;
				MARKETING_VERSION = 1.0;
				PRODUCT_BUNDLE_IDENTIFIER = com.janndriessen.openfinance;
				PRODUCT_NAME = "$(TARGET_NAME)";
				SDKROOT = auto;
				SUPPORTED_PLATFORMS = "iphoneos iphonesimulator macosx";
				SWIFT_EMIT_LOC_STRINGS = YES;
				SWIFT_VERSION = 5.0;
				TARGETED_DEVICE_FAMILY = "1,2";
			};
			name = Debug;
		};
		69F17DC72C41B9D8001D8D0B /* Release */ = {
			isa = XCBuildConfiguration;
			buildSettings = {
				ASSETCATALOG_COMPILER_APPICON_NAME = AppIcon;
				ASSETCATALOG_COMPILER_GLOBAL_ACCENT_COLOR_NAME = AccentColor;
				CODE_SIGN_ENTITLEMENTS = openfinance/openfinance.entitlements;
				CODE_SIGN_STYLE = Automatic;
				CURRENT_PROJECT_VERSION = 1;
				DEVELOPMENT_ASSET_PATHS = "\"openfinance/Preview Content\"";
				DEVELOPMENT_TEAM = 84383757VH;
				ENABLE_HARDENED_RUNTIME = YES;
				ENABLE_PREVIEWS = YES;
				GENERATE_INFOPLIST_FILE = YES;
				"INFOPLIST_KEY_UIApplicationSceneManifest_Generation[sdk=iphoneos*]" = YES;
				"INFOPLIST_KEY_UIApplicationSceneManifest_Generation[sdk=iphonesimulator*]" = YES;
				"INFOPLIST_KEY_UIApplicationSupportsIndirectInputEvents[sdk=iphoneos*]" = YES;
				"INFOPLIST_KEY_UIApplicationSupportsIndirectInputEvents[sdk=iphonesimulator*]" = YES;
				"INFOPLIST_KEY_UILaunchScreen_Generation[sdk=iphoneos*]" = YES;
				"INFOPLIST_KEY_UILaunchScreen_Generation[sdk=iphonesimulator*]" = YES;
				"INFOPLIST_KEY_UIStatusBarStyle[sdk=iphoneos*]" = UIStatusBarStyleDefault;
				"INFOPLIST_KEY_UIStatusBarStyle[sdk=iphonesimulator*]" = UIStatusBarStyleDefault;
				INFOPLIST_KEY_UISupportedInterfaceOrientations_iPad = "UIInterfaceOrientationPortrait UIInterfaceOrientationPortraitUpsideDown UIInterfaceOrientationLandscapeLeft UIInterfaceOrientationLandscapeRight";
				INFOPLIST_KEY_UISupportedInterfaceOrientations_iPhone = "UIInterfaceOrientationPortrait UIInterfaceOrientationLandscapeLeft UIInterfaceOrientationLandscapeRight";
				IPHONEOS_DEPLOYMENT_TARGET = 17.5;
				LD_RUNPATH_SEARCH_PATHS = "@executable_path/Frameworks";
				"LD_RUNPATH_SEARCH_PATHS[sdk=macosx*]" = "@executable_path/../Frameworks";
				MACOSX_DEPLOYMENT_TARGET = 14.5;
				MARKETING_VERSION = 1.0;
				PRODUCT_BUNDLE_IDENTIFIER = com.janndriessen.openfinance;
				PRODUCT_NAME = "$(TARGET_NAME)";
				SDKROOT = auto;
				SUPPORTED_PLATFORMS = "iphoneos iphonesimulator macosx";
				SWIFT_EMIT_LOC_STRINGS = YES;
				SWIFT_VERSION = 5.0;
				TARGETED_DEVICE_FAMILY = "1,2";
			};
			name = Release;
		};
		69F17DC92C41B9D8001D8D0B /* Debug */ = {
			isa = XCBuildConfiguration;
			buildSettings = {
				ALWAYS_EMBED_SWIFT_STANDARD_LIBRARIES = YES;
				BUNDLE_LOADER = "$(TEST_HOST)";
				CODE_SIGN_STYLE = Automatic;
				CURRENT_PROJECT_VERSION = 1;
				DEVELOPMENT_TEAM = 84383757VH;
				GENERATE_INFOPLIST_FILE = YES;
				IPHONEOS_DEPLOYMENT_TARGET = 17.5;
				MACOSX_DEPLOYMENT_TARGET = 14.5;
				MARKETING_VERSION = 1.0;
				PRODUCT_BUNDLE_IDENTIFIER = com.janndriessen.openfinanceTests;
				PRODUCT_NAME = "$(TARGET_NAME)";
				SDKROOT = auto;
				SUPPORTED_PLATFORMS = "iphoneos iphonesimulator macosx";
				SWIFT_EMIT_LOC_STRINGS = NO;
				SWIFT_VERSION = 5.0;
				TARGETED_DEVICE_FAMILY = "1,2";
				TEST_HOST = "$(BUILT_PRODUCTS_DIR)/openfinance.app/$(BUNDLE_EXECUTABLE_FOLDER_PATH)/openfinance";
			};
			name = Debug;
		};
		69F17DCA2C41B9D8001D8D0B /* Release */ = {
			isa = XCBuildConfiguration;
			buildSettings = {
				ALWAYS_EMBED_SWIFT_STANDARD_LIBRARIES = YES;
				BUNDLE_LOADER = "$(TEST_HOST)";
				CODE_SIGN_STYLE = Automatic;
				CURRENT_PROJECT_VERSION = 1;
				DEVELOPMENT_TEAM = 84383757VH;
				GENERATE_INFOPLIST_FILE = YES;
				IPHONEOS_DEPLOYMENT_TARGET = 17.5;
				MACOSX_DEPLOYMENT_TARGET = 14.5;
				MARKETING_VERSION = 1.0;
				PRODUCT_BUNDLE_IDENTIFIER = com.janndriessen.openfinanceTests;
				PRODUCT_NAME = "$(TARGET_NAME)";
				SDKROOT = auto;
				SUPPORTED_PLATFORMS = "iphoneos iphonesimulator macosx";
				SWIFT_EMIT_LOC_STRINGS = NO;
				SWIFT_VERSION = 5.0;
				TARGETED_DEVICE_FAMILY = "1,2";
				TEST_HOST = "$(BUILT_PRODUCTS_DIR)/openfinance.app/$(BUNDLE_EXECUTABLE_FOLDER_PATH)/openfinance";
			};
			name = Release;
		};
		69F17DCC2C41B9D8001D8D0B /* Debug */ = {
			isa = XCBuildConfiguration;
			buildSettings = {
				ALWAYS_EMBED_SWIFT_STANDARD_LIBRARIES = YES;
				CODE_SIGN_STYLE = Automatic;
				CURRENT_PROJECT_VERSION = 1;
				DEVELOPMENT_TEAM = 84383757VH;
				GENERATE_INFOPLIST_FILE = YES;
				IPHONEOS_DEPLOYMENT_TARGET = 17.5;
				MACOSX_DEPLOYMENT_TARGET = 14.5;
				MARKETING_VERSION = 1.0;
				PRODUCT_BUNDLE_IDENTIFIER = com.janndriessen.openfinanceUITests;
				PRODUCT_NAME = "$(TARGET_NAME)";
				SDKROOT = auto;
				SUPPORTED_PLATFORMS = "iphoneos iphonesimulator macosx";
				SWIFT_EMIT_LOC_STRINGS = NO;
				SWIFT_VERSION = 5.0;
				TARGETED_DEVICE_FAMILY = "1,2";
				TEST_TARGET_NAME = openfinance;
			};
			name = Debug;
		};
		69F17DCD2C41B9D8001D8D0B /* Release */ = {
			isa = XCBuildConfiguration;
			buildSettings = {
				ALWAYS_EMBED_SWIFT_STANDARD_LIBRARIES = YES;
				CODE_SIGN_STYLE = Automatic;
				CURRENT_PROJECT_VERSION = 1;
				DEVELOPMENT_TEAM = 84383757VH;
				GENERATE_INFOPLIST_FILE = YES;
				IPHONEOS_DEPLOYMENT_TARGET = 17.5;
				MACOSX_DEPLOYMENT_TARGET = 14.5;
				MARKETING_VERSION = 1.0;
				PRODUCT_BUNDLE_IDENTIFIER = com.janndriessen.openfinanceUITests;
				PRODUCT_NAME = "$(TARGET_NAME)";
				SDKROOT = auto;
				SUPPORTED_PLATFORMS = "iphoneos iphonesimulator macosx";
				SWIFT_EMIT_LOC_STRINGS = NO;
				SWIFT_VERSION = 5.0;
				TARGETED_DEVICE_FAMILY = "1,2";
				TEST_TARGET_NAME = openfinance;
			};
			name = Release;
		};
/* End XCBuildConfiguration section */

/* Begin XCConfigurationList section */
		69F17D9B2C41B9D7001D8D0B /* Build configuration list for PBXProject "openfinance" */ = {
			isa = XCConfigurationList;
			buildConfigurations = (
				69F17DC32C41B9D8001D8D0B /* Debug */,
				69F17DC42C41B9D8001D8D0B /* Release */,
			);
			defaultConfigurationIsVisible = 0;
			defaultConfigurationName = Release;
		};
		69F17DC52C41B9D8001D8D0B /* Build configuration list for PBXNativeTarget "openfinance" */ = {
			isa = XCConfigurationList;
			buildConfigurations = (
				69F17DC62C41B9D8001D8D0B /* Debug */,
				69F17DC72C41B9D8001D8D0B /* Release */,
			);
			defaultConfigurationIsVisible = 0;
			defaultConfigurationName = Release;
		};
		69F17DC82C41B9D8001D8D0B /* Build configuration list for PBXNativeTarget "openfinanceTests" */ = {
			isa = XCConfigurationList;
			buildConfigurations = (
				69F17DC92C41B9D8001D8D0B /* Debug */,
				69F17DCA2C41B9D8001D8D0B /* Release */,
			);
			defaultConfigurationIsVisible = 0;
			defaultConfigurationName = Release;
		};
		69F17DCB2C41B9D8001D8D0B /* Build configuration list for PBXNativeTarget "openfinanceUITests" */ = {
			isa = XCConfigurationList;
			buildConfigurations = (
				69F17DCC2C41B9D8001D8D0B /* Debug */,
				69F17DCD2C41B9D8001D8D0B /* Release */,
			);
			defaultConfigurationIsVisible = 0;
			defaultConfigurationName = Release;
		};
/* End XCConfigurationList section */
	};
	rootObject = 69F17D982C41B9D7001D8D0B /* Project object */;
}
